// !$*UTF8*$!
{
	archiveVersion = 1;
	classes = {
	};
	objectVersion = 46;
	objects = {

/* Begin PBXBuildFile section */
		8226AFFA1EE7DD3400CDEB0B /* AlbumViewController.swift in Sources */ = {isa = PBXBuildFile; fileRef = 8226AFF91EE7DD3400CDEB0B /* AlbumViewController.swift */; };
		8284AB751EDEB21300F74806 /* AppDelegate.swift in Sources */ = {isa = PBXBuildFile; fileRef = 8284AB741EDEB21300F74806 /* AppDelegate.swift */; };
		8284AB771EDEB21300F74806 /* ViewController.swift in Sources */ = {isa = PBXBuildFile; fileRef = 8284AB761EDEB21300F74806 /* ViewController.swift */; };
		8284AB7A1EDEB21300F74806 /* Main.storyboard in Resources */ = {isa = PBXBuildFile; fileRef = 8284AB781EDEB21300F74806 /* Main.storyboard */; };
		8284AB7C1EDEB21300F74806 /* Assets.xcassets in Resources */ = {isa = PBXBuildFile; fileRef = 8284AB7B1EDEB21300F74806 /* Assets.xcassets */; };
		8284AB7F1EDEB21300F74806 /* LaunchScreen.storyboard in Resources */ = {isa = PBXBuildFile; fileRef = 8284AB7D1EDEB21300F74806 /* LaunchScreen.storyboard */; };
		82A3CE6E1EFA5F8C00ADE248 /* TrackList.swift in Sources */ = {isa = PBXBuildFile; fileRef = 82A3CE6D1EFA5F8C00ADE248 /* TrackList.swift */; };
		8EDAD7D71EE6D130009B8604 /* TrackViewController.swift in Sources */ = {isa = PBXBuildFile; fileRef = 8EDAD7D61EE6D130009B8604 /* TrackViewController.swift */; };
		8EDAD7D91EE6D1CA009B8604 /* MoreAboutViewController.swift in Sources */ = {isa = PBXBuildFile; fileRef = 8EDAD7D81EE6D1CA009B8604 /* MoreAboutViewController.swift */; };
		978B99AD1EF7BF3D00BAF365 /* TabBarController.swift in Sources */ = {isa = PBXBuildFile; fileRef = 978B99AC1EF7BF3D00BAF365 /* TabBarController.swift */; };
/* End PBXBuildFile section */

/* Begin PBXFileReference section */
		8226AFF91EE7DD3400CDEB0B /* AlbumViewController.swift */ = {isa = PBXFileReference; fileEncoding = 4; lastKnownFileType = sourcecode.swift; path = AlbumViewController.swift; sourceTree = "<group>"; };
		8284AB711EDEB21300F74806 /* TwoStepsFromHell.app */ = {isa = PBXFileReference; explicitFileType = wrapper.application; includeInIndex = 0; path = TwoStepsFromHell.app; sourceTree = BUILT_PRODUCTS_DIR; };
		8284AB741EDEB21300F74806 /* AppDelegate.swift */ = {isa = PBXFileReference; lastKnownFileType = sourcecode.swift; path = AppDelegate.swift; sourceTree = "<group>"; };
		8284AB761EDEB21300F74806 /* ViewController.swift */ = {isa = PBXFileReference; lastKnownFileType = sourcecode.swift; path = ViewController.swift; sourceTree = "<group>"; };
		8284AB791EDEB21300F74806 /* Base */ = {isa = PBXFileReference; lastKnownFileType = file.storyboard; name = Base; path = Base.lproj/Main.storyboard; sourceTree = "<group>"; };
		8284AB7B1EDEB21300F74806 /* Assets.xcassets */ = {isa = PBXFileReference; lastKnownFileType = folder.assetcatalog; path = Assets.xcassets; sourceTree = "<group>"; };
		8284AB7E1EDEB21300F74806 /* Base */ = {isa = PBXFileReference; lastKnownFileType = file.storyboard; name = Base; path = Base.lproj/LaunchScreen.storyboard; sourceTree = "<group>"; };
		8284AB801EDEB21300F74806 /* Info.plist */ = {isa = PBXFileReference; lastKnownFileType = text.plist.xml; path = Info.plist; sourceTree = "<group>"; };
		82A3CE6D1EFA5F8C00ADE248 /* TrackList.swift */ = {isa = PBXFileReference; fileEncoding = 4; lastKnownFileType = sourcecode.swift; path = TrackList.swift; sourceTree = "<group>"; };
		8EDAD7D61EE6D130009B8604 /* TrackViewController.swift */ = {isa = PBXFileReference; fileEncoding = 4; lastKnownFileType = sourcecode.swift; path = TrackViewController.swift; sourceTree = "<group>"; };
		8EDAD7D81EE6D1CA009B8604 /* MoreAboutViewController.swift */ = {isa = PBXFileReference; fileEncoding = 4; lastKnownFileType = sourcecode.swift; path = MoreAboutViewController.swift; sourceTree = "<group>"; };
		978B99AC1EF7BF3D00BAF365 /* TabBarController.swift */ = {isa = PBXFileReference; fileEncoding = 4; lastKnownFileType = sourcecode.swift; path = TabBarController.swift; sourceTree = "<group>"; };
/* End PBXFileReference section */

/* Begin PBXFrameworksBuildPhase section */
		8284AB6E1EDEB21300F74806 /* Frameworks */ = {
			isa = PBXFrameworksBuildPhase;
			buildActionMask = 2147483647;
			files = (
			);
			runOnlyForDeploymentPostprocessing = 0;
		};
/* End PBXFrameworksBuildPhase section */

/* Begin PBXGroup section */
		8284AB681EDEB21300F74806 = {
			isa = PBXGroup;
			children = (
				8284AB731EDEB21300F74806 /* TwoStepsFromHell */,
				8284AB721EDEB21300F74806 /* Products */,
			);
			sourceTree = "<group>";
		};
		8284AB721EDEB21300F74806 /* Products */ = {
			isa = PBXGroup;
			children = (
				8284AB711EDEB21300F74806 /* TwoStepsFromHell.app */,
			);
			name = Products;
			sourceTree = "<group>";
		};
		8284AB731EDEB21300F74806 /* TwoStepsFromHell */ = {
			isa = PBXGroup;
			children = (
				8284AB741EDEB21300F74806 /* AppDelegate.swift */,
				8284AB761EDEB21300F74806 /* ViewController.swift */,
				8284AB781EDEB21300F74806 /* Main.storyboard */,
				978B99AC1EF7BF3D00BAF365 /* TabBarController.swift */,
				8284AB7B1EDEB21300F74806 /* Assets.xcassets */,
				8284AB7D1EDEB21300F74806 /* LaunchScreen.storyboard */,
				8284AB801EDEB21300F74806 /* Info.plist */,
				82A3CE6D1EFA5F8C00ADE248 /* TrackList.swift */,
				8226AFF91EE7DD3400CDEB0B /* AlbumViewController.swift */,
				8EDAD7D61EE6D130009B8604 /* TrackViewController.swift */,
				8EDAD7D81EE6D1CA009B8604 /* MoreAboutViewController.swift */,
			);
			path = TwoStepsFromHell;
			sourceTree = "<group>";
		};
/* End PBXGroup section */

/* Begin PBXNativeTarget section */
		8284AB701EDEB21300F74806 /* TwoStepsFromHell */ = {
			isa = PBXNativeTarget;
			buildConfigurationList = 8284AB831EDEB21300F74806 /* Build configuration list for PBXNativeTarget "TwoStepsFromHell" */;
			buildPhases = (
				8284AB6D1EDEB21300F74806 /* Sources */,
				8284AB6E1EDEB21300F74806 /* Frameworks */,
				8284AB6F1EDEB21300F74806 /* Resources */,
			);
			buildRules = (
			);
			dependencies = (
			);
			name = TwoStepsFromHell;
			productName = TwoStepsFromHell;
			productReference = 8284AB711EDEB21300F74806 /* TwoStepsFromHell.app */;
			productType = "com.apple.product-type.application";
		};
/* End PBXNativeTarget section */

/* Begin PBXProject section */
		8284AB691EDEB21300F74806 /* Project object */ = {
			isa = PBXProject;
			attributes = {
				LastSwiftUpdateCheck = 0830;
				LastUpgradeCheck = 0830;
				ORGANIZATIONNAME = NQU;
				TargetAttributes = {
					8284AB701EDEB21300F74806 = {
						CreatedOnToolsVersion = 8.3.2;
						DevelopmentTeam = 2DMC42C3TD;
						ProvisioningStyle = Automatic;
					};
				};
			};
			buildConfigurationList = 8284AB6C1EDEB21300F74806 /* Build configuration list for PBXProject "TwoStepsFromHell" */;
			compatibilityVersion = "Xcode 3.2";
			developmentRegion = English;
			hasScannedForEncodings = 0;
			knownRegions = (
				en,
				Base,
			);
			mainGroup = 8284AB681EDEB21300F74806;
			productRefGroup = 8284AB721EDEB21300F74806 /* Products */;
			projectDirPath = "";
			projectRoot = "";
			targets = (
				8284AB701EDEB21300F74806 /* TwoStepsFromHell */,
			);
		};
/* End PBXProject section */

/* Begin PBXResourcesBuildPhase section */
		8284AB6F1EDEB21300F74806 /* Resources */ = {
			isa = PBXResourcesBuildPhase;
			buildActionMask = 2147483647;
			files = (
				8284AB7F1EDEB21300F74806 /* LaunchScreen.storyboard in Resources */,
				8284AB7C1EDEB21300F74806 /* Assets.xcassets in Resources */,
				8284AB7A1EDEB21300F74806 /* Main.storyboard in Resources */,
			);
			runOnlyForDeploymentPostprocessing = 0;
		};
/* End PBXResourcesBuildPhase section */

/* Begin PBXSourcesBuildPhase section */
		8284AB6D1EDEB21300F74806 /* Sources */ = {
			isa = PBXSourcesBuildPhase;
			buildActionMask = 2147483647;
			files = (
				8226AFFA1EE7DD3400CDEB0B /* AlbumViewController.swift in Sources */,
				8EDAD7D71EE6D130009B8604 /* TrackViewController.swift in Sources */,
				8EDAD7D91EE6D1CA009B8604 /* MoreAboutViewController.swift in Sources */,
				978B99AD1EF7BF3D00BAF365 /* TabBarController.swift in Sources */,
				8284AB771EDEB21300F74806 /* ViewController.swift in Sources */,
				8284AB751EDEB21300F74806 /* AppDelegate.swift in Sources */,
				82A3CE6E1EFA5F8C00ADE248 /* TrackList.swift in Sources */,
			);
			runOnlyForDeploymentPostprocessing = 0;
		};
/* End PBXSourcesBuildPhase section */

/* Begin PBXVariantGroup section */
		8284AB781EDEB21300F74806 /* Main.storyboard */ = {
			isa = PBXVariantGroup;
			children = (
				8284AB791EDEB21300F74806 /* Base */,
			);
			name = Main.storyboard;
			sourceTree = "<group>";
		};
		8284AB7D1EDEB21300F74806 /* LaunchScreen.storyboard */ = {
			isa = PBXVariantGroup;
			children = (
				8284AB7E1EDEB21300F74806 /* Base */,
			);
			name = LaunchScreen.storyboard;
			sourceTree = "<group>";
		};
/* End PBXVariantGroup section */

/* Begin XCBuildConfiguration section */
		8284AB811EDEB21300F74806 /* Debug */ = {
			isa = XCBuildConfiguration;
			buildSettings = {
				ALWAYS_SEARCH_USER_PATHS = NO;
				CLANG_ANALYZER_NONNULL = YES;
				CLANG_ANALYZER_NUMBER_OBJECT_CONVERSION = YES_AGGRESSIVE;
				CLANG_CXX_LANGUAGE_STANDARD = "gnu++0x";
				CLANG_CXX_LIBRARY = "libc++";
				CLANG_ENABLE_MODULES = YES;
				CLANG_ENABLE_OBJC_ARC = YES;
				CLANG_WARN_BOOL_CONVERSION = YES;
				CLANG_WARN_CONSTANT_CONVERSION = YES;
				CLANG_WARN_DIRECT_OBJC_ISA_USAGE = YES_ERROR;
				CLANG_WARN_DOCUMENTATION_COMMENTS = YES;
				CLANG_WARN_EMPTY_BODY = YES;
				CLANG_WARN_ENUM_CONVERSION = YES;
				CLANG_WARN_INFINITE_RECURSION = YES;
				CLANG_WARN_INT_CONVERSION = YES;
				CLANG_WARN_OBJC_ROOT_CLASS = YES_ERROR;
				CLANG_WARN_SUSPICIOUS_MOVE = YES;
				CLANG_WARN_UNREACHABLE_CODE = YES;
				CLANG_WARN__DUPLICATE_METHOD_MATCH = YES;
				"CODE_SIGN_IDENTITY[sdk=iphoneos*]" = "iPhone Developer";
				COPY_PHASE_STRIP = NO;
				DEBUG_INFORMATION_FORMAT = dwarf;
				ENABLE_STRICT_OBJC_MSGSEND = YES;
				ENABLE_TESTABILITY = YES;
				GCC_C_LANGUAGE_STANDARD = gnu99;
				GCC_DYNAMIC_NO_PIC = NO;
				GCC_NO_COMMON_BLOCKS = YES;
				GCC_OPTIMIZATION_LEVEL = 0;
				GCC_PREPROCESSOR_DEFINITIONS = (
					"DEBUG=1",
					"$(inherited)",
				);
				GCC_WARN_64_TO_32_BIT_CONVERSION = YES;
				GCC_WARN_ABOUT_RETURN_TYPE = YES_ERROR;
				GCC_WARN_UNDECLARED_SELECTOR = YES;
				GCC_WARN_UNINITIALIZED_AUTOS = YES_AGGRESSIVE;
				GCC_WARN_UNUSED_FUNCTION = YES;
				GCC_WARN_UNUSED_VARIABLE = YES;
				IPHONEOS_DEPLOYMENT_TARGET = 10.3;
				MTL_ENABLE_DEBUG_INFO = YES;
				ONLY_ACTIVE_ARCH = YES;
				SDKROOT = iphoneos;
				SWIFT_ACTIVE_COMPILATION_CONDITIONS = DEBUG;
				SWIFT_OPTIMIZATION_LEVEL = "-Onone";
				TARGETED_DEVICE_FAMILY = "1,2";
			};
			name = Debug;
		};
		8284AB821EDEB21300F74806 /* Release */ = {
			isa = XCBuildConfiguration;
			buildSettings = {
				ALWAYS_SEARCH_USER_PATHS = NO;
				CLANG_ANALYZER_NONNULL = YES;
				CLANG_ANALYZER_NUMBER_OBJECT_CONVERSION = YES_AGGRESSIVE;
				CLANG_CXX_LANGUAGE_STANDARD = "gnu++0x";
				CLANG_CXX_LIBRARY = "libc++";
				CLANG_ENABLE_MODULES = YES;
				CLANG_ENABLE_OBJC_ARC = YES;
				CLANG_WARN_BOOL_CONVERSION = YES;
				CLANG_WARN_CONSTANT_CONVERSION = YES;
				CLANG_WARN_DIRECT_OBJC_ISA_USAGE = YES_ERROR;
				CLANG_WARN_DOCUMENTATION_COMMENTS = YES;
				CLANG_WARN_EMPTY_BODY = YES;
				CLANG_WARN_ENUM_CONVERSION = YES;
				CLANG_WARN_INFINITE_RECURSION = YES;
				CLANG_WARN_INT_CONVERSION = YES;
				CLANG_WARN_OBJC_ROOT_CLASS = YES_ERROR;
				CLANG_WARN_SUSPICIOUS_MOVE = YES;
				CLANG_WARN_UNREACHABLE_CODE = YES;
				CLANG_WARN__DUPLICATE_METHOD_MATCH = YES;
				"CODE_SIGN_IDENTITY[sdk=iphoneos*]" = "iPhone Developer";
				COPY_PHASE_STRIP = NO;
				DEBUG_INFORMATION_FORMAT = "dwarf-with-dsym";
				ENABLE_NS_ASSERTIONS = NO;
				ENABLE_STRICT_OBJC_MSGSEND = YES;
				GCC_C_LANGUAGE_STANDARD = gnu99;
				GCC_NO_COMMON_BLOCKS = YES;
				GCC_WARN_64_TO_32_BIT_CONVERSION = YES;
				GCC_WARN_ABOUT_RETURN_TYPE = YES_ERROR;
				GCC_WARN_UNDECLARED_SELECTOR = YES;
				GCC_WARN_UNINITIALIZED_AUTOS = YES_AGGRESSIVE;
				GCC_WARN_UNUSED_FUNCTION = YES;
				GCC_WARN_UNUSED_VARIABLE = YES;
				IPHONEOS_DEPLOYMENT_TARGET = 10.3;
				MTL_ENABLE_DEBUG_INFO = NO;
				SDKROOT = iphoneos;
				SWIFT_OPTIMIZATION_LEVEL = "-Owholemodule";
				TARGETED_DEVICE_FAMILY = "1,2";
				VALIDATE_PRODUCT = YES;
			};
			name = Release;
		};
		8284AB841EDEB21300F74806 /* Debug */ = {
			isa = XCBuildConfiguration;
			buildSettings = {
				ASSETCATALOG_COMPILER_APPICON_NAME = AppIcon;
				"CODE_SIGN_IDENTITY[sdk=iphoneos*]" = "iPhone Developer";
				DEVELOPMENT_TEAM = 2DMC42C3TD;
				INFOPLIST_FILE = TwoStepsFromHell/Info.plist;
				LD_RUNPATH_SEARCH_PATHS = "$(inherited) @executable_path/Frameworks";
				PRODUCT_BUNDLE_IDENTIFIER = nqu.TwoStepsFromHell;
				PRODUCT_NAME = "$(TARGET_NAME)";
				PROVISIONING_PROFILE_SPECIFIER = "";
				SWIFT_VERSION = 3.0;
			};
			name = Debug;
		};
		8284AB851EDEB21300F74806 /* Release */ = {
			isa = XCBuildConfiguration;
			buildSettings = {
				ASSETCATALOG_COMPILER_APPICON_NAME = AppIcon;
				"CODE_SIGN_IDENTITY[sdk=iphoneos*]" = "iPhone Developer";
				DEVELOPMENT_TEAM = 2DMC42C3TD;
				INFOPLIST_FILE = TwoStepsFromHell/Info.plist;
				LD_RUNPATH_SEARCH_PATHS = "$(inherited) @executable_path/Frameworks";
				PRODUCT_BUNDLE_IDENTIFIER = nqu.TwoStepsFromHell;
				PRODUCT_NAME = "$(TARGET_NAME)";
				PROVISIONING_PROFILE_SPECIFIER = "";
				SWIFT_VERSION = 3.0;
			};
			name = Release;
		};
/* End XCBuildConfiguration section */

/* Begin XCConfigurationList section */
		8284AB6C1EDEB21300F74806 /* Build configuration list for PBXProject "TwoStepsFromHell" */ = {
			isa = XCConfigurationList;
			buildConfigurations = (
				8284AB811EDEB21300F74806 /* Debug */,
				8284AB821EDEB21300F74806 /* Release */,
			);
			defaultConfigurationIsVisible = 0;
			defaultConfigurationName = Release;
		};
		8284AB831EDEB21300F74806 /* Build configuration list for PBXNativeTarget "TwoStepsFromHell" */ = {
			isa = XCConfigurationList;
			buildConfigurations = (
				8284AB841EDEB21300F74806 /* Debug */,
				8284AB851EDEB21300F74806 /* Release */,
			);
			defaultConfigurationIsVisible = 0;
			defaultConfigurationName = Release;
		};
/* End XCConfigurationList section */
	};
	rootObject = 8284AB691EDEB21300F74806 /* Project object */;
}
